
Microsoft Visual Studio Solution File, Format Version 12.00
# Visual Studio 2015
Project("{FAE04EC0-301F-11D3-BF4B-00C04F79EFBC}") = "WORDS.CSharp.Plugins", "WORDS.CSharp.Plugins.csproj", "{DFDB1121-C002-617F-0A4F-509C95678F97}"
EndProject
Project("{FAE04EC0-301F-11D3-BF4B-00C04F79EFBC}") = "WORDS.CSharp", "WORDS.CSharp.csproj", "{9530FA94-F0E1-8161-85C8-C3346420BCD8}"
EndProject
Project("{FAE04EC0-301F-11D3-BF4B-00C04F79EFBC}") = "WORDS.CSharp.Editor.Plugins", "WORDS.CSharp.Editor.Plugins.csproj", "{8B748381-5711-472A-A44B-CFE6F3BCA6BF}"
EndProject
Global
	GlobalSection(SolutionConfigurationPlatforms) = preSolution
		Debug|Any CPU = Debug|Any CPU
		Release|Any CPU = Release|Any CPU
	EndGlobalSection
	GlobalSection(ProjectConfigurationPlatforms) = postSolution
		{DFDB1121-C002-617F-0A4F-509C95678F97}.Debug|Any CPU.ActiveCfg = Debug|Any CPU
		{DFDB1121-C002-617F-0A4F-509C95678F97}.Debug|Any CPU.Build.0 = Debug|Any CPU
		{DFDB1121-C002-617F-0A4F-509C95678F97}.Release|Any CPU.ActiveCfg = Release|Any CPU
		{DFDB1121-C002-617F-0A4F-509C95678F97}.Release|Any CPU.Build.0 = Release|Any CPU
		{9530FA94-F0E1-8161-85C8-C3346420BCD8}.Debug|Any CPU.ActiveCfg = Debug|Any CPU
		{9530FA94-F0E1-8161-85C8-C3346420BCD8}.Debug|Any CPU.Build.0 = Debug|Any CPU
		{9530FA94-F0E1-8161-85C8-C3346420BCD8}.Release|Any CPU.ActiveCfg = Release|Any CPU
		{9530FA94-F0E1-8161-85C8-C3346420BCD8}.Release|Any CPU.Build.0 = Release|Any CPU
		{8B748381-5711-472A-A44B-CFE6F3BCA6BF}.Debug|Any CPU.ActiveCfg = Debug|Any CPU
		{8B748381-5711-472A-A44B-CFE6F3BCA6BF}.Debug|Any CPU.Build.0 = Debug|Any CPU
		{8B748381-5711-472A-A44B-CFE6F3BCA6BF}.Release|Any CPU.ActiveCfg = Release|Any CPU
		{8B748381-5711-472A-A44B-CFE6F3BCA6BF}.Release|Any CPU.Build.0 = Release|Any CPU
	EndGlobalSection
	GlobalSection(SolutionProperties) = preSolution
		HideSolutionNode = FALSE
	EndGlobalSection
EndGlobal
